
Microsoft Visual Studio Solution File, Format Version 12.00
# Visual Studio Version 16
VisualStudioVersion = 16.0.30907.101
MinimumVisualStudioVersion = 10.0.40219.1
Project("{FAE04EC0-301F-11D3-BF4B-00C04F79EFBC}") = "Calculadora", "Calculadora\Calculadora.csproj", "{87846FE3-EA6C-4C65-A4D7-3E808090C06C}"
EndProject
Global
	GlobalSection(SolutionConfigurationPlatforms) = preSolution
		Debug|Any CPU = Debug|Any CPU
		Release|Any CPU = Release|Any CPU
	EndGlobalSection
	GlobalSection(ProjectConfigurationPlatforms) = postSolution
		{87846FE3-EA6C-4C65-A4D7-3E808090C06C}.Debug|Any CPU.ActiveCfg = Debug|Any CPU
		{87846FE3-EA6C-4C65-A4D7-3E808090C06C}.Debug|Any CPU.Build.0 = Debug|Any CPU
		{87846FE3-EA6C-4C65-A4D7-3E808090C06C}.Release|Any CPU.ActiveCfg = Release|Any CPU
		{87846FE3-EA6C-4C65-A4D7-3E808090C06C}.Release|Any CPU.Build.0 = Release|Any CPU
	EndGlobalSection
	GlobalSection(SolutionProperties) = preSolution
		HideSolutionNode = FALSE
	EndGlobalSection
	GlobalSection(ExtensibilityGlobals) = postSolution
		SolutionGuid = {D8EF29D8-DDB6-47DB-8EA1-5358CF775F29}
	EndGlobalSection
EndGlobal
